# Dr. Claw control CLI runtime dependencies.
#
# Every artifact below is a platform-independent Python 3 wheel from PyPI.
# The bootstrap invokes pip with --require-hashes, --only-binary=:all:,
# --no-deps, an explicit public index, and an isolated private cache.

certifi==2025.8.3 --hash=sha256:f6c12493cfb1b06ba2ff328595af9350c65d6644968e5d3a2ffd78699af217a5
charset-normalizer==3.4.3 --hash=sha256:ce571ab16d890d23b5c278547ba694193a45011ff86a9162a71307ed9f86759a
click==8.1.8 --hash=sha256:63c132bbbed01578a06712a2d1f497bb62d9c1c0d329b7903a866228027263b2
idna==3.10 --hash=sha256:946d195a0d259cbba61165e88e65941f16e9b36ea6ddb97f00452bae8b1287d3
pip==25.2 --hash=sha256:6d67a2b4e7f14d8b31b8b52648866fa717f45a1eb70e83002f4331d07e953717
requests==2.32.5 --hash=sha256:2462f94637a34fd532264295e186976db0f5d453d1cdd31473c85a6a161affb6
setuptools==80.9.0 --hash=sha256:062d34222ad13e0cc312a4c02d73f059e86a4acbfbdea8f8f76b28c99f306922
urllib3==2.5.0 --hash=sha256:e6b01673c0fa6a13e374b50871808eb3bf7046c4b125b216f6bf1cc604cff0dc
websockets==13.1 --hash=sha256:a9a396a6ad26130cdae92ae10c36af09d9bfe6cafe69670fd3b6da9b07b4044f
wheel==0.45.1 --hash=sha256:708e7481cc80179af0e556bbf0cc00b8444c7321e2700b8d8580231d13017248
